<?xml version="1.0" encoding="utf-8"?>
<Project ToolsVersion="4.0" xmlns="http://schemas.microsoft.com/developer/msbuild/2003">
  <ItemGroup>
    <Filter Include="Source Files">
      <UniqueIdentifier>{f6499628-513a-4c8d-a336-6377a85a7e0b}</UniqueIdentifier>
      <Extensions>cpp;c;cxx;def;odl;idl;hpj;bat</Extensions>
    </Filter>
    <Filter Include="Resource Files">
      <UniqueIdentifier>{789e96c9-0515-4b35-86f7-f117c1cd627b}</UniqueIdentifier>
      <Extensions>rc;r;grc;grf;grl;ico;cur;bmp;dlg;rc2;rct;bin;rgs;gif;jpg;jpeg;jpe</Extensions>
    </Filter>
    <Filter Include="Headers">
      <UniqueIdentifier>{d778aa19-af99-440a-b681-05b2b70718f5}</UniqueIdentifier>
      <Extensions>h;hpp;</Extensions>
    </Filter>
  </ItemGroup>
  <ItemGroup>
    <ResourceCompile Include="res\as-gdl-shell.RC">
      <Filter>Resource Files</Filter>
    </ResourceCompile>
  </ItemGroup>
  <ItemGroup>
    <ClCompile Include="as-gdl-shell.cpp">
      <Filter>Source Files</Filter>
    </ClCompile>
    <ClCompile Include="ShellHelper.cpp">
      <Filter>Source Files</Filter>
    </ClCompile>
  </ItemGroup>
  <ItemGroup>
    <ClInclude Include="include\ShellHelper.hpp">
      <Filter>Headers</Filter>
    </ClInclude>
    <ClInclude Include="include\as-gdl-shell.hpp">
      <Filter>Headers</Filter>
    </ClInclude>
    <ClInclude Include="include\InstanceWrapper.hpp">
      <Filter>Headers</Filter>
    </ClInclude>
  </ItemGroup>
</Project>